
Microsoft Visual Studio Solution File, Format Version 12.00
# Visual Studio Version 16
VisualStudioVersion = 16.0.33529.622
MinimumVisualStudioVersion = 10.0.40219.1
Project("{FAE04EC0-301F-11D3-BF4B-00C04F79EFBC}") = "SumInTextFile", "SumInTextFile.csproj", "{257F271C-CFC3-4519-BF22-CD99CF76417A}"
EndProject
Global
	GlobalSection(SolutionConfigurationPlatforms) = preSolution
		Debug|Any CPU = Debug|Any CPU
		Release|Any CPU = Release|Any CPU
	EndGlobalSection
	GlobalSection(ProjectConfigurationPlatforms) = postSolution
		{257F271C-CFC3-4519-BF22-CD99CF76417A}.Debug|Any CPU.ActiveCfg = Debug|Any CPU
		{257F271C-CFC3-4519-BF22-CD99CF76417A}.Debug|Any CPU.Build.0 = Debug|Any CPU
		{257F271C-CFC3-4519-BF22-CD99CF76417A}.Release|Any CPU.ActiveCfg = Release|Any CPU
		{257F271C-CFC3-4519-BF22-CD99CF76417A}.Release|Any CPU.Build.0 = Release|Any CPU
	EndGlobalSection
	GlobalSection(SolutionProperties) = preSolution
		HideSolutionNode = FALSE
	EndGlobalSection
	GlobalSection(ExtensibilityGlobals) = postSolution
		SolutionGuid = {5277E98F-E952-4D18-B45F-52A885B94065}
	EndGlobalSection
EndGlobal
